
Microsoft Visual Studio Solution File, Format Version 12.00
# Visual Studio 2013
VisualStudioVersion = 12.0.31101.0
MinimumVisualStudioVersion = 10.0.40219.1
Project("{FAE04EC0-301F-11D3-BF4B-00C04F79EFBC}") = "Bank", "Bank\Bank.csproj", "{880A9B9D-E345-4B85-BBCD-F67BA5994FC8}"
EndProject
Project("{FAE04EC0-301F-11D3-BF4B-00C04F79EFBC}") = "UnitTestProject", "UnitTestProject\UnitTestProject.csproj", "{3ABC091F-0C8C-4270-8FF1-A0531B70BD4E}"
EndProject
Project("{FAE04EC0-301F-11D3-BF4B-00C04F79EFBC}") = "BankConsole", "BankConsole\BankConsole.csproj", "{74E4AC1A-B00E-456D-858C-31CEA397E979}"
EndProject
Global
	GlobalSection(SolutionConfigurationPlatforms) = preSolution
		Debug|Any CPU = Debug|Any CPU
		Release|Any CPU = Release|Any CPU
	EndGlobalSection
	GlobalSection(ProjectConfigurationPlatforms) = postSolution
		{880A9B9D-E345-4B85-BBCD-F67BA5994FC8}.Debug|Any CPU.ActiveCfg = Debug|Any CPU
		{880A9B9D-E345-4B85-BBCD-F67BA5994FC8}.Debug|Any CPU.Build.0 = Debug|Any CPU
		{880A9B9D-E345-4B85-BBCD-F67BA5994FC8}.Release|Any CPU.ActiveCfg = Release|Any CPU
		{880A9B9D-E345-4B85-BBCD-F67BA5994FC8}.Release|Any CPU.Build.0 = Release|Any CPU
		{3ABC091F-0C8C-4270-8FF1-A0531B70BD4E}.Debug|Any CPU.ActiveCfg = Debug|Any CPU
		{3ABC091F-0C8C-4270-8FF1-A0531B70BD4E}.Debug|Any CPU.Build.0 = Debug|Any CPU
		{3ABC091F-0C8C-4270-8FF1-A0531B70BD4E}.Release|Any CPU.ActiveCfg = Release|Any CPU
		{3ABC091F-0C8C-4270-8FF1-A0531B70BD4E}.Release|Any CPU.Build.0 = Release|Any CPU
		{74E4AC1A-B00E-456D-858C-31CEA397E979}.Debug|Any CPU.ActiveCfg = Debug|Any CPU
		{74E4AC1A-B00E-456D-858C-31CEA397E979}.Debug|Any CPU.Build.0 = Debug|Any CPU
		{74E4AC1A-B00E-456D-858C-31CEA397E979}.Release|Any CPU.ActiveCfg = Release|Any CPU
		{74E4AC1A-B00E-456D-858C-31CEA397E979}.Release|Any CPU.Build.0 = Release|Any CPU
	EndGlobalSection
	GlobalSection(SolutionProperties) = preSolution
		HideSolutionNode = FALSE
	EndGlobalSection
EndGlobal
